
Microsoft Visual Studio Solution File, Format Version 12.00
# Visual Studio Version 16
VisualStudioVersion = 16.0.30717.126
MinimumVisualStudioVersion = 10.0.40219.1
Project("{8BC9CEB8-8B4A-11D0-8D11-00A0C91BC942}") = "230-AntiAliasing", "230-AntiAliasing\230-AntiAliasing.vcxproj", "{B9E7DA8D-54CE-4D19-89F7-9CB5AAAD8EC1}"
EndProject
Global
	GlobalSection(SolutionConfigurationPlatforms) = preSolution
		Debug|x64 = Debug|x64
		Debug|x86 = Debug|x86
		Release|x64 = Release|x64
		Release|x86 = Release|x86
	EndGlobalSection
	GlobalSection(ProjectConfigurationPlatforms) = postSolution
		{B9E7DA8D-54CE-4D19-89F7-9CB5AAAD8EC1}.Debug|x64.ActiveCfg = Debug|x64
		{B9E7DA8D-54CE-4D19-89F7-9CB5AAAD8EC1}.Debug|x64.Build.0 = Debug|x64
		{B9E7DA8D-54CE-4D19-89F7-9CB5AAAD8EC1}.Debug|x86.ActiveCfg = Debug|Win32
		{B9E7DA8D-54CE-4D19-89F7-9CB5AAAD8EC1}.Debug|x86.Build.0 = Debug|Win32
		{B9E7DA8D-54CE-4D19-89F7-9CB5AAAD8EC1}.Release|x64.ActiveCfg = Release|x64
		{B9E7DA8D-54CE-4D19-89F7-9CB5AAAD8EC1}.Release|x64.Build.0 = Release|x64
		{B9E7DA8D-54CE-4D19-89F7-9CB5AAAD8EC1}.Release|x86.ActiveCfg = Release|Win32
		{B9E7DA8D-54CE-4D19-89F7-9CB5AAAD8EC1}.Release|x86.Build.0 = Release|Win32
	EndGlobalSection
	GlobalSection(SolutionProperties) = preSolution
		HideSolutionNode = FALSE
	EndGlobalSection
	GlobalSection(ExtensibilityGlobals) = postSolution
		SolutionGuid = {114B510C-FADD-4957-8664-7ABA41A19879}
	EndGlobalSection
EndGlobal
