
Microsoft Visual Studio Solution File, Format Version 12.00
# Visual Studio Version 16
VisualStudioVersion = 16.0.30717.126
MinimumVisualStudioVersion = 10.0.40219.1
Project("{8BC9CEB8-8B4A-11D0-8D11-00A0C91BC942}") = "110-MultipleLights", "110-MultipleLights\110-MultipleLights.vcxproj", "{6672F8C8-BFFE-4DD0-8DDD-ED6C0927FE65}"
EndProject
Global
	GlobalSection(SolutionConfigurationPlatforms) = preSolution
		Debug|x64 = Debug|x64
		Debug|x86 = Debug|x86
		Release|x64 = Release|x64
		Release|x86 = Release|x86
	EndGlobalSection
	GlobalSection(ProjectConfigurationPlatforms) = postSolution
		{6672F8C8-BFFE-4DD0-8DDD-ED6C0927FE65}.Debug|x64.ActiveCfg = Debug|x64
		{6672F8C8-BFFE-4DD0-8DDD-ED6C0927FE65}.Debug|x64.Build.0 = Debug|x64
		{6672F8C8-BFFE-4DD0-8DDD-ED6C0927FE65}.Debug|x86.ActiveCfg = Debug|Win32
		{6672F8C8-BFFE-4DD0-8DDD-ED6C0927FE65}.Debug|x86.Build.0 = Debug|Win32
		{6672F8C8-BFFE-4DD0-8DDD-ED6C0927FE65}.Release|x64.ActiveCfg = Release|x64
		{6672F8C8-BFFE-4DD0-8DDD-ED6C0927FE65}.Release|x64.Build.0 = Release|x64
		{6672F8C8-BFFE-4DD0-8DDD-ED6C0927FE65}.Release|x86.ActiveCfg = Release|Win32
		{6672F8C8-BFFE-4DD0-8DDD-ED6C0927FE65}.Release|x86.Build.0 = Release|Win32
	EndGlobalSection
	GlobalSection(SolutionProperties) = preSolution
		HideSolutionNode = FALSE
	EndGlobalSection
	GlobalSection(ExtensibilityGlobals) = postSolution
		SolutionGuid = {CF1B27D3-3C2B-4DFA-8F84-88032BFAB803}
	EndGlobalSection
EndGlobal
