
Microsoft Visual Studio Solution File, Format Version 12.00
# Visual Studio Version 16
VisualStudioVersion = 16.0.30717.126
MinimumVisualStudioVersion = 10.0.40219.1
Project("{8BC9CEB8-8B4A-11D0-8D11-00A0C91BC942}") = "250-GammaCorrection", "250-GammaCorrection\250-GammaCorrection.vcxproj", "{76FACD23-48DE-44E9-8EE0-46E705E3B768}"
EndProject
Global
	GlobalSection(SolutionConfigurationPlatforms) = preSolution
		Debug|x64 = Debug|x64
		Debug|x86 = Debug|x86
		Release|x64 = Release|x64
		Release|x86 = Release|x86
	EndGlobalSection
	GlobalSection(ProjectConfigurationPlatforms) = postSolution
		{76FACD23-48DE-44E9-8EE0-46E705E3B768}.Debug|x64.ActiveCfg = Debug|x64
		{76FACD23-48DE-44E9-8EE0-46E705E3B768}.Debug|x64.Build.0 = Debug|x64
		{76FACD23-48DE-44E9-8EE0-46E705E3B768}.Debug|x86.ActiveCfg = Debug|Win32
		{76FACD23-48DE-44E9-8EE0-46E705E3B768}.Debug|x86.Build.0 = Debug|Win32
		{76FACD23-48DE-44E9-8EE0-46E705E3B768}.Release|x64.ActiveCfg = Release|x64
		{76FACD23-48DE-44E9-8EE0-46E705E3B768}.Release|x64.Build.0 = Release|x64
		{76FACD23-48DE-44E9-8EE0-46E705E3B768}.Release|x86.ActiveCfg = Release|Win32
		{76FACD23-48DE-44E9-8EE0-46E705E3B768}.Release|x86.Build.0 = Release|Win32
	EndGlobalSection
	GlobalSection(SolutionProperties) = preSolution
		HideSolutionNode = FALSE
	EndGlobalSection
	GlobalSection(ExtensibilityGlobals) = postSolution
		SolutionGuid = {C74F6BD2-AD1B-4877-A4DD-40418C031C06}
	EndGlobalSection
EndGlobal
