
Microsoft Visual Studio Solution File, Format Version 12.00
# Visual Studio Version 16
VisualStudioVersion = 16.0.30717.126
MinimumVisualStudioVersion = 10.0.40219.1
Project("{8BC9CEB8-8B4A-11D0-8D11-00A0C91BC942}") = "140-StencilTesting", "140-StencilTesting\140-StencilTesting.vcxproj", "{ED3A771B-D22A-45A5-98AE-3B2BFFBF6FE2}"
EndProject
Global
	GlobalSection(SolutionConfigurationPlatforms) = preSolution
		Debug|x64 = Debug|x64
		Debug|x86 = Debug|x86
		Release|x64 = Release|x64
		Release|x86 = Release|x86
	EndGlobalSection
	GlobalSection(ProjectConfigurationPlatforms) = postSolution
		{ED3A771B-D22A-45A5-98AE-3B2BFFBF6FE2}.Debug|x64.ActiveCfg = Debug|x64
		{ED3A771B-D22A-45A5-98AE-3B2BFFBF6FE2}.Debug|x64.Build.0 = Debug|x64
		{ED3A771B-D22A-45A5-98AE-3B2BFFBF6FE2}.Debug|x86.ActiveCfg = Debug|Win32
		{ED3A771B-D22A-45A5-98AE-3B2BFFBF6FE2}.Debug|x86.Build.0 = Debug|Win32
		{ED3A771B-D22A-45A5-98AE-3B2BFFBF6FE2}.Release|x64.ActiveCfg = Release|x64
		{ED3A771B-D22A-45A5-98AE-3B2BFFBF6FE2}.Release|x64.Build.0 = Release|x64
		{ED3A771B-D22A-45A5-98AE-3B2BFFBF6FE2}.Release|x86.ActiveCfg = Release|Win32
		{ED3A771B-D22A-45A5-98AE-3B2BFFBF6FE2}.Release|x86.Build.0 = Release|Win32
	EndGlobalSection
	GlobalSection(SolutionProperties) = preSolution
		HideSolutionNode = FALSE
	EndGlobalSection
	GlobalSection(ExtensibilityGlobals) = postSolution
		SolutionGuid = {C82EF02B-79BF-4559-B293-F2CC21473BEE}
	EndGlobalSection
EndGlobal
